{
  "name": "stable-test-runner",
  "lockfileVersion": 3,
  "requires": true,
  "packages": {
    "": {
      "dependencies": {
        "@copilotbrowser/test": "file:../../../packages/copilotbrowser-test"
      }
    },
    "../../../packages/copilotbrowser-test": {
      "name": "@copilotbrowser/test",
      "version": "2.0.0",
      "license": "Apache-2.0",
      "dependencies": {
        "copilotbrowser": "2.0.0"
      },
      "bin": {
        "copilotbrowser": "cli.js"
      },
      "engines": {
        "node": ">=18"
      }
    },
    "node_modules/@copilotbrowser/test": {
      "resolved": "../../../packages/copilotbrowser-test",
      "link": true
    }
  }
}
